
Microsoft Visual Studio Solution File, Format Version 10.00
# Visual Studio 2008
Project("{FAE04EC0-301F-11D3-BF4B-00C04F79EFBC}") = "Traffic Simulator", "Traffic Simulator.csproj", "{D917EDAD-6378-4DE8-BFE6-1A672B4F4B6A}"
EndProject
Global
	GlobalSection(SubversionScc) = preSolution
		Svn-Managed = True
		Manager = AnkhSVN - Subversion Support for Visual Studio
	EndGlobalSection
	GlobalSection(SolutionConfigurationPlatforms) = preSolution
		Debug|Any CPU = Debug|Any CPU
		Release|Any CPU = Release|Any CPU
	EndGlobalSection
	GlobalSection(ProjectConfigurationPlatforms) = postSolution
		{D917EDAD-6378-4DE8-BFE6-1A672B4F4B6A}.Debug|Any CPU.ActiveCfg = Debug|Any CPU
		{D917EDAD-6378-4DE8-BFE6-1A672B4F4B6A}.Debug|Any CPU.Build.0 = Debug|Any CPU
		{D917EDAD-6378-4DE8-BFE6-1A672B4F4B6A}.Release|Any CPU.ActiveCfg = Release|Any CPU
		{D917EDAD-6378-4DE8-BFE6-1A672B4F4B6A}.Release|Any CPU.Build.0 = Release|Any CPU
	EndGlobalSection
	GlobalSection(SolutionProperties) = preSolution
		HideSolutionNode = FALSE
	EndGlobalSection
EndGlobal
